
Microsoft Visual Studio Solution File, Format Version 12.00
# Visual Studio Version 17
VisualStudioVersion = 17.14.36705.20 d17.14
MinimumVisualStudioVersion = 10.0.40219.1
Project("{FAE04EC0-301F-11D3-BF4B-00C04F79EFBC}") = "ArabaProjesi", "ArabaProjesi\ArabaProjesi.csproj", "{4BE685EA-677A-4039-9043-FE772CFB6429}"
EndProject
Global
	GlobalSection(SolutionConfigurationPlatforms) = preSolution
		Debug|Any CPU = Debug|Any CPU
		Release|Any CPU = Release|Any CPU
	EndGlobalSection
	GlobalSection(ProjectConfigurationPlatforms) = postSolution
		{4BE685EA-677A-4039-9043-FE772CFB6429}.Debug|Any CPU.ActiveCfg = Debug|Any CPU
		{4BE685EA-677A-4039-9043-FE772CFB6429}.Debug|Any CPU.Build.0 = Debug|Any CPU
		{4BE685EA-677A-4039-9043-FE772CFB6429}.Release|Any CPU.ActiveCfg = Release|Any CPU
		{4BE685EA-677A-4039-9043-FE772CFB6429}.Release|Any CPU.Build.0 = Release|Any CPU
	EndGlobalSection
	GlobalSection(SolutionProperties) = preSolution
		HideSolutionNode = FALSE
	EndGlobalSection
	GlobalSection(ExtensibilityGlobals) = postSolution
		SolutionGuid = {049F0CD6-96BC-405C-9858-AB52790FA6C6}
	EndGlobalSection
EndGlobal
